// !$*UTF8*$!
{
	archiveVersion = 1;
	classes = {
	};
	objectVersion = 56;
	objects = {

/* Begin PBXBuildFile section */
		D502AF5B2AF526B200BFF9CF /* ListView.swift in Sources */ = {isa = PBXBuildFile; fileRef = D502AF5A2AF526B200BFF9CF /* ListView.swift */; };
		D502AF5E2AF8D56600BFF9CF /* KeychainSwift in Frameworks */ = {isa = PBXBuildFile; productRef = D502AF5D2AF8D56600BFF9CF /* KeychainSwift */; };
		D502AF602AFA64C900BFF9CF /* AddEntryView.swift in Sources */ = {isa = PBXBuildFile; fileRef = D502AF5F2AFA64C900BFF9CF /* AddEntryView.swift */; };
		D513B4E02B0241DA004B2C8B /* FirebaseConnection.swift in Sources */ = {isa = PBXBuildFile; fileRef = D513B4DF2B0241DA004B2C8B /* FirebaseConnection.swift */; };
		D513B4E22B02472F004B2C8B /* UserData.swift in Sources */ = {isa = PBXBuildFile; fileRef = D513B4E12B02472F004B2C8B /* UserData.swift */; };
		D513B4E42B0247D9004B2C8B /* Workout.swift in Sources */ = {isa = PBXBuildFile; fileRef = D513B4E32B0247D9004B2C8B /* Workout.swift */; };
		D513B4E72B025554004B2C8B /* FirebaseFirestoreSwift in Frameworks */ = {isa = PBXBuildFile; productRef = D513B4E62B025554004B2C8B /* FirebaseFirestoreSwift */; };
		D513B4E92B02556A004B2C8B /* FirebaseFirestoreCombine-Community in Frameworks */ = {isa = PBXBuildFile; productRef = D513B4E82B02556A004B2C8B /* FirebaseFirestoreCombine-Community */; };
		D51EC07E2AEBB31B00999E71 /* LogInView.swift in Sources */ = {isa = PBXBuildFile; fileRef = D51EC07D2AEBB31B00999E71 /* LogInView.swift */; };
		D51EC0802AEBB5CD00999E71 /* RegisterView.swift in Sources */ = {isa = PBXBuildFile; fileRef = D51EC07F2AEBB5CD00999E71 /* RegisterView.swift */; };
		D53CC81A2AE2789F0083EAB3 /* WorkoutDiaryApp.swift in Sources */ = {isa = PBXBuildFile; fileRef = D53CC8192AE2789F0083EAB3 /* WorkoutDiaryApp.swift */; };
		D53CC81C2AE2789F0083EAB3 /* ContentView.swift in Sources */ = {isa = PBXBuildFile; fileRef = D53CC81B2AE2789F0083EAB3 /* ContentView.swift */; };
		D53CC82B2AE278A20083EAB3 /* WorkoutDiaryTests.swift in Sources */ = {isa = PBXBuildFile; fileRef = D53CC82A2AE278A20083EAB3 /* WorkoutDiaryTests.swift */; };
		D53CC8352AE278A30083EAB3 /* WorkoutDiaryUITests.swift in Sources */ = {isa = PBXBuildFile; fileRef = D53CC8342AE278A30083EAB3 /* WorkoutDiaryUITests.swift */; };
		D53CC8372AE278A30083EAB3 /* WorkoutDiaryUITestsLaunchTests.swift in Sources */ = {isa = PBXBuildFile; fileRef = D53CC8362AE278A30083EAB3 /* WorkoutDiaryUITestsLaunchTests.swift */; };
		D547CF042AFBD9750094474D /* SplashScreenView.swift in Sources */ = {isa = PBXBuildFile; fileRef = D547CF032AFBD9750094474D /* SplashScreenView.swift */; };
		D56C675A2AFFE0070022C610 /* FirebaseAuth in Frameworks */ = {isa = PBXBuildFile; productRef = D56C67592AFFE0070022C610 /* FirebaseAuth */; };
		D56C675C2AFFE0070022C610 /* FirebaseFirestore in Frameworks */ = {isa = PBXBuildFile; productRef = D56C675B2AFFE0070022C610 /* FirebaseFirestore */; };
		D56C675E2AFFE13E0022C610 /* GoogleService-Info.plist in Resources */ = {isa = PBXBuildFile; fileRef = D56C675D2AFFE13D0022C610 /* GoogleService-Info.plist */; };
		D5BC08172B025A93006C2646 /* Launch Screen.storyboard in Resources */ = {isa = PBXBuildFile; fileRef = D5BC08162B025A93006C2646 /* Launch Screen.storyboard */; };
		D5C6AE5E2AFE1CE7000E178B /* Assets.xcassets in Resources */ = {isa = PBXBuildFile; fileRef = D5C6AE5D2AFE1CE7000E178B /* Assets.xcassets */; };
		D5E8368F2AFB94DC0030F525 /* RegisterView.swift in Sources */ = {isa = PBXBuildFile; fileRef = D51EC07F2AEBB5CD00999E71 /* RegisterView.swift */; };
		D5E836902AFB94DE0030F525 /* RegisterView.swift in Sources */ = {isa = PBXBuildFile; fileRef = D51EC07F2AEBB5CD00999E71 /* RegisterView.swift */; };
		D5E836912AFB954B0030F525 /* AddEntryView.swift in Sources */ = {isa = PBXBuildFile; fileRef = D502AF5F2AFA64C900BFF9CF /* AddEntryView.swift */; };
		D5E836922AFB954C0030F525 /* AddEntryView.swift in Sources */ = {isa = PBXBuildFile; fileRef = D502AF5F2AFA64C900BFF9CF /* AddEntryView.swift */; };
		D5E836932AFB95580030F525 /* LogInView.swift in Sources */ = {isa = PBXBuildFile; fileRef = D51EC07D2AEBB31B00999E71 /* LogInView.swift */; };
		D5E836942AFB95590030F525 /* LogInView.swift in Sources */ = {isa = PBXBuildFile; fileRef = D51EC07D2AEBB31B00999E71 /* LogInView.swift */; };
		D5E836952AFB955C0030F525 /* ListView.swift in Sources */ = {isa = PBXBuildFile; fileRef = D502AF5A2AF526B200BFF9CF /* ListView.swift */; };
		D5E836962AFB955D0030F525 /* ListView.swift in Sources */ = {isa = PBXBuildFile; fileRef = D502AF5A2AF526B200BFF9CF /* ListView.swift */; };
/* End PBXBuildFile section */

/* Begin PBXContainerItemProxy section */
		D53CC8272AE278A20083EAB3 /* PBXContainerItemProxy */ = {
			isa = PBXContainerItemProxy;
			containerPortal = D53CC80E2AE2789E0083EAB3 /* Project object */;
			proxyType = 1;
			remoteGlobalIDString = D53CC8152AE2789E0083EAB3;
			remoteInfo = WorkoutDiary;
		};
		D53CC8312AE278A20083EAB3 /* PBXContainerItemProxy */ = {
			isa = PBXContainerItemProxy;
			containerPortal = D53CC80E2AE2789E0083EAB3 /* Project object */;
			proxyType = 1;
			remoteGlobalIDString = D53CC8152AE2789E0083EAB3;
			remoteInfo = WorkoutDiary;
		};
/* End PBXContainerItemProxy section */

/* Begin PBXFileReference section */
		D502AF5A2AF526B200BFF9CF /* ListView.swift */ = {isa = PBXFileReference; lastKnownFileType = sourcecode.swift; path = ListView.swift; sourceTree = "<group>"; };
		D502AF5F2AFA64C900BFF9CF /* AddEntryView.swift */ = {isa = PBXFileReference; lastKnownFileType = sourcecode.swift; path = AddEntryView.swift; sourceTree = "<group>"; };
		D513B4DF2B0241DA004B2C8B /* FirebaseConnection.swift */ = {isa = PBXFileReference; lastKnownFileType = sourcecode.swift; path = FirebaseConnection.swift; sourceTree = "<group>"; };
		D513B4E12B02472F004B2C8B /* UserData.swift */ = {isa = PBXFileReference; lastKnownFileType = sourcecode.swift; path = UserData.swift; sourceTree = "<group>"; };
		D513B4E32B0247D9004B2C8B /* Workout.swift */ = {isa = PBXFileReference; lastKnownFileType = sourcecode.swift; path = Workout.swift; sourceTree = "<group>"; };
		D51EC07D2AEBB31B00999E71 /* LogInView.swift */ = {isa = PBXFileReference; lastKnownFileType = sourcecode.swift; path = LogInView.swift; sourceTree = "<group>"; };
		D51EC07F2AEBB5CD00999E71 /* RegisterView.swift */ = {isa = PBXFileReference; lastKnownFileType = sourcecode.swift; path = RegisterView.swift; sourceTree = "<group>"; };
		D53CC8162AE2789E0083EAB3 /* WorkoutDiary.app */ = {isa = PBXFileReference; explicitFileType = wrapper.application; includeInIndex = 0; path = WorkoutDiary.app; sourceTree = BUILT_PRODUCTS_DIR; };
		D53CC8192AE2789F0083EAB3 /* WorkoutDiaryApp.swift */ = {isa = PBXFileReference; lastKnownFileType = sourcecode.swift; path = WorkoutDiaryApp.swift; sourceTree = "<group>"; };
		D53CC81B2AE2789F0083EAB3 /* ContentView.swift */ = {isa = PBXFileReference; lastKnownFileType = sourcecode.swift; path = ContentView.swift; sourceTree = "<group>"; };
		D53CC8262AE278A20083EAB3 /* WorkoutDiaryTests.xctest */ = {isa = PBXFileReference; explicitFileType = wrapper.cfbundle; includeInIndex = 0; path = WorkoutDiaryTests.xctest; sourceTree = BUILT_PRODUCTS_DIR; };
		D53CC82A2AE278A20083EAB3 /* WorkoutDiaryTests.swift */ = {isa = PBXFileReference; lastKnownFileType = sourcecode.swift; path = WorkoutDiaryTests.swift; sourceTree = "<group>"; };
		D53CC8302AE278A20083EAB3 /* WorkoutDiaryUITests.xctest */ = {isa = PBXFileReference; explicitFileType = wrapper.cfbundle; includeInIndex = 0; path = WorkoutDiaryUITests.xctest; sourceTree = BUILT_PRODUCTS_DIR; };
		D53CC8342AE278A30083EAB3 /* WorkoutDiaryUITests.swift */ = {isa = PBXFileReference; lastKnownFileType = sourcecode.swift; path = WorkoutDiaryUITests.swift; sourceTree = "<group>"; };
		D53CC8362AE278A30083EAB3 /* WorkoutDiaryUITestsLaunchTests.swift */ = {isa = PBXFileReference; lastKnownFileType = sourcecode.swift; path = WorkoutDiaryUITestsLaunchTests.swift; sourceTree = "<group>"; };
		D547CF032AFBD9750094474D /* SplashScreenView.swift */ = {isa = PBXFileReference; lastKnownFileType = sourcecode.swift; path = SplashScreenView.swift; sourceTree = "<group>"; };
		D56C675D2AFFE13D0022C610 /* GoogleService-Info.plist */ = {isa = PBXFileReference; fileEncoding = 4; lastKnownFileType = text.plist.xml; path = "GoogleService-Info.plist"; sourceTree = "<group>"; };
		D5BC08162B025A93006C2646 /* Launch Screen.storyboard */ = {isa = PBXFileReference; lastKnownFileType = file.storyboard; path = "Launch Screen.storyboard"; sourceTree = "<group>"; };
		D5C6AE5D2AFE1CE7000E178B /* Assets.xcassets */ = {isa = PBXFileReference; lastKnownFileType = folder.assetcatalog; name = Assets.xcassets; path = ../../../../.Trash/Assets.xcassets; sourceTree = "<group>"; };
/* End PBXFileReference section */

/* Begin PBXFrameworksBuildPhase section */
		D53CC8132AE2789E0083EAB3 /* Frameworks */ = {
			isa = PBXFrameworksBuildPhase;
			buildActionMask = 2147483647;
			files = (
				D502AF5E2AF8D56600BFF9CF /* KeychainSwift in Frameworks */,
				D56C675A2AFFE0070022C610 /* FirebaseAuth in Frameworks */,
				D56C675C2AFFE0070022C610 /* FirebaseFirestore in Frameworks */,
				D513B4E92B02556A004B2C8B /* FirebaseFirestoreCombine-Community in Frameworks */,
				D513B4E72B025554004B2C8B /* FirebaseFirestoreSwift in Frameworks */,
			);
			runOnlyForDeploymentPostprocessing = 0;
		};
		D53CC8232AE278A20083EAB3 /* Frameworks */ = {
			isa = PBXFrameworksBuildPhase;
			buildActionMask = 2147483647;
			files = (
			);
			runOnlyForDeploymentPostprocessing = 0;
		};
		D53CC82D2AE278A20083EAB3 /* Frameworks */ = {
			isa = PBXFrameworksBuildPhase;
			buildActionMask = 2147483647;
			files = (
			);
			runOnlyForDeploymentPostprocessing = 0;
		};
/* End PBXFrameworksBuildPhase section */

/* Begin PBXGroup section */
		D502AF582AF5264E00BFF9CF /* Authenticated */ = {
			isa = PBXGroup;
			children = (
				D502AF5A2AF526B200BFF9CF /* ListView.swift */,
				D502AF5F2AFA64C900BFF9CF /* AddEntryView.swift */,
			);
			path = Authenticated;
			sourceTree = "<group>";
		};
		D502AF592AF5266700BFF9CF /* UnAuthenticated */ = {
			isa = PBXGroup;
			children = (
				D51EC07D2AEBB31B00999E71 /* LogInView.swift */,
				D51EC07F2AEBB5CD00999E71 /* RegisterView.swift */,
			);
			path = UnAuthenticated;
			sourceTree = "<group>";
		};
		D513B4E52B025554004B2C8B /* Frameworks */ = {
			isa = PBXGroup;
			children = (
			);
			name = Frameworks;
			sourceTree = "<group>";
		};
		D51EC07C2AEBB2C700999E71 /* Views */ = {
			isa = PBXGroup;
			children = (
				D502AF592AF5266700BFF9CF /* UnAuthenticated */,
				D502AF582AF5264E00BFF9CF /* Authenticated */,
				D5BC08162B025A93006C2646 /* Launch Screen.storyboard */,
			);
			path = Views;
			sourceTree = "<group>";
		};
		D51EC0812AEBC38400999E71 /* Model */ = {
			isa = PBXGroup;
			children = (
				D513B4DF2B0241DA004B2C8B /* FirebaseConnection.swift */,
				D513B4E12B02472F004B2C8B /* UserData.swift */,
				D513B4E32B0247D9004B2C8B /* Workout.swift */,
			);
			path = Model;
			sourceTree = "<group>";
		};
		D53CC80D2AE2789E0083EAB3 = {
			isa = PBXGroup;
			children = (
				D53CC8182AE2789E0083EAB3 /* WorkoutDiary */,
				D53CC8292AE278A20083EAB3 /* WorkoutDiaryTests */,
				D53CC8332AE278A30083EAB3 /* WorkoutDiaryUITests */,
				D53CC8172AE2789E0083EAB3 /* Products */,
				D513B4E52B025554004B2C8B /* Frameworks */,
			);
			sourceTree = "<group>";
		};
		D53CC8172AE2789E0083EAB3 /* Products */ = {
			isa = PBXGroup;
			children = (
				D53CC8162AE2789E0083EAB3 /* WorkoutDiary.app */,
				D53CC8262AE278A20083EAB3 /* WorkoutDiaryTests.xctest */,
				D53CC8302AE278A20083EAB3 /* WorkoutDiaryUITests.xctest */,
			);
			name = Products;
			sourceTree = "<group>";
		};
		D53CC8182AE2789E0083EAB3 /* WorkoutDiary */ = {
			isa = PBXGroup;
			children = (
				D56C675D2AFFE13D0022C610 /* GoogleService-Info.plist */,
				D51EC0812AEBC38400999E71 /* Model */,
				D51EC07C2AEBB2C700999E71 /* Views */,
				D53CC8192AE2789F0083EAB3 /* WorkoutDiaryApp.swift */,
				D53CC81B2AE2789F0083EAB3 /* ContentView.swift */,
				D547CF032AFBD9750094474D /* SplashScreenView.swift */,
				D53CC81F2AE278A20083EAB3 /* Preview Content */,
			);
			path = WorkoutDiary;
			sourceTree = "<group>";
		};
		D53CC81F2AE278A20083EAB3 /* Preview Content */ = {
			isa = PBXGroup;
			children = (
				D5C6AE5D2AFE1CE7000E178B /* Assets.xcassets */,
			);
			path = "Preview Content";
			sourceTree = "<group>";
		};
		D53CC8292AE278A20083EAB3 /* WorkoutDiaryTests */ = {
			isa = PBXGroup;
			children = (
				D53CC82A2AE278A20083EAB3 /* WorkoutDiaryTests.swift */,
			);
			path = WorkoutDiaryTests;
			sourceTree = "<group>";
		};
		D53CC8332AE278A30083EAB3 /* WorkoutDiaryUITests */ = {
			isa = PBXGroup;
			children = (
				D53CC8342AE278A30083EAB3 /* WorkoutDiaryUITests.swift */,
				D53CC8362AE278A30083EAB3 /* WorkoutDiaryUITestsLaunchTests.swift */,
			);
			path = WorkoutDiaryUITests;
			sourceTree = "<group>";
		};
/* End PBXGroup section */

/* Begin PBXNativeTarget section */
		D53CC8152AE2789E0083EAB3 /* WorkoutDiary */ = {
			isa = PBXNativeTarget;
			buildConfigurationList = D53CC83A2AE278A30083EAB3 /* Build configuration list for PBXNativeTarget "WorkoutDiary" */;
			buildPhases = (
				D53CC8122AE2789E0083EAB3 /* Sources */,
				D53CC8132AE2789E0083EAB3 /* Frameworks */,
				D53CC8142AE2789E0083EAB3 /* Resources */,
			);
			buildRules = (
			);
			dependencies = (
			);
			name = WorkoutDiary;
			packageProductDependencies = (
				D502AF5D2AF8D56600BFF9CF /* KeychainSwift */,
				D56C67592AFFE0070022C610 /* FirebaseAuth */,
				D56C675B2AFFE0070022C610 /* FirebaseFirestore */,
				D513B4E62B025554004B2C8B /* FirebaseFirestoreSwift */,
				D513B4E82B02556A004B2C8B /* FirebaseFirestoreCombine-Community */,
			);
			productName = WorkoutDiary;
			productReference = D53CC8162AE2789E0083EAB3 /* WorkoutDiary.app */;
			productType = "com.apple.product-type.application";
		};
		D53CC8252AE278A20083EAB3 /* WorkoutDiaryTests */ = {
			isa = PBXNativeTarget;
			buildConfigurationList = D53CC83D2AE278A30083EAB3 /* Build configuration list for PBXNativeTarget "WorkoutDiaryTests" */;
			buildPhases = (
				D53CC8222AE278A20083EAB3 /* Sources */,
				D53CC8232AE278A20083EAB3 /* Frameworks */,
				D53CC8242AE278A20083EAB3 /* Resources */,
			);
			buildRules = (
			);
			dependencies = (
				D53CC8282AE278A20083EAB3 /* PBXTargetDependency */,
			);
			name = WorkoutDiaryTests;
			productName = WorkoutDiaryTests;
			productReference = D53CC8262AE278A20083EAB3 /* WorkoutDiaryTests.xctest */;
			productType = "com.apple.product-type.bundle.unit-test";
		};
		D53CC82F2AE278A20083EAB3 /* WorkoutDiaryUITests */ = {
			isa = PBXNativeTarget;
			buildConfigurationList = D53CC8402AE278A30083EAB3 /* Build configuration list for PBXNativeTarget "WorkoutDiaryUITests" */;
			buildPhases = (
				D53CC82C2AE278A20083EAB3 /* Sources */,
				D53CC82D2AE278A20083EAB3 /* Frameworks */,
				D53CC82E2AE278A20083EAB3 /* Resources */,
			);
			buildRules = (
			);
			dependencies = (
				D53CC8322AE278A20083EAB3 /* PBXTargetDependency */,
			);
			name = WorkoutDiaryUITests;
			productName = WorkoutDiaryUITests;
			productReference = D53CC8302AE278A20083EAB3 /* WorkoutDiaryUITests.xctest */;
			productType = "com.apple.product-type.bundle.ui-testing";
		};
/* End PBXNativeTarget section */

/* Begin PBXProject section */
		D53CC80E2AE2789E0083EAB3 /* Project object */ = {
			isa = PBXProject;
			attributes = {
				BuildIndependentTargetsInParallel = 1;
				LastSwiftUpdateCheck = 1430;
				LastUpgradeCheck = 1430;
				TargetAttributes = {
					D53CC8152AE2789E0083EAB3 = {
						CreatedOnToolsVersion = 14.3.1;
					};
					D53CC8252AE278A20083EAB3 = {
						CreatedOnToolsVersion = 14.3.1;
						TestTargetID = D53CC8152AE2789E0083EAB3;
					};
					D53CC82F2AE278A20083EAB3 = {
						CreatedOnToolsVersion = 14.3.1;
						TestTargetID = D53CC8152AE2789E0083EAB3;
					};
				};
			};
			buildConfigurationList = D53CC8112AE2789E0083EAB3 /* Build configuration list for PBXProject "WorkoutDiary" */;
			compatibilityVersion = "Xcode 14.0";
			developmentRegion = en;
			hasScannedForEncodings = 0;
			knownRegions = (
				en,
				Base,
			);
			mainGroup = D53CC80D2AE2789E0083EAB3;
			packageReferences = (
				D502AF5C2AF8D56600BFF9CF /* XCRemoteSwiftPackageReference "keychain-swift" */,
				D56C67582AFFE0070022C610 /* XCRemoteSwiftPackageReference "firebase-ios-sdk" */,
			);
			productRefGroup = D53CC8172AE2789E0083EAB3 /* Products */;
			projectDirPath = "";
			projectRoot = "";
			targets = (
				D53CC8152AE2789E0083EAB3 /* WorkoutDiary */,
				D53CC8252AE278A20083EAB3 /* WorkoutDiaryTests */,
				D53CC82F2AE278A20083EAB3 /* WorkoutDiaryUITests */,
			);
		};
/* End PBXProject section */

/* Begin PBXResourcesBuildPhase section */
		D53CC8142AE2789E0083EAB3 /* Resources */ = {
			isa = PBXResourcesBuildPhase;
			buildActionMask = 2147483647;
			files = (
				D5BC08172B025A93006C2646 /* Launch Screen.storyboard in Resources */,
				D5C6AE5E2AFE1CE7000E178B /* Assets.xcassets in Resources */,
				D56C675E2AFFE13E0022C610 /* GoogleService-Info.plist in Resources */,
			);
			runOnlyForDeploymentPostprocessing = 0;
		};
		D53CC8242AE278A20083EAB3 /* Resources */ = {
			isa = PBXResourcesBuildPhase;
			buildActionMask = 2147483647;
			files = (
			);
			runOnlyForDeploymentPostprocessing = 0;
		};
		D53CC82E2AE278A20083EAB3 /* Resources */ = {
			isa = PBXResourcesBuildPhase;
			buildActionMask = 2147483647;
			files = (
			);
			runOnlyForDeploymentPostprocessing = 0;
		};
/* End PBXResourcesBuildPhase section */

/* Begin PBXSourcesBuildPhase section */
		D53CC8122AE2789E0083EAB3 /* Sources */ = {
			isa = PBXSourcesBuildPhase;
			buildActionMask = 2147483647;
			files = (
				D502AF5B2AF526B200BFF9CF /* ListView.swift in Sources */,
				D51EC07E2AEBB31B00999E71 /* LogInView.swift in Sources */,
				D53CC81C2AE2789F0083EAB3 /* ContentView.swift in Sources */,
				D513B4E42B0247D9004B2C8B /* Workout.swift in Sources */,
				D51EC0802AEBB5CD00999E71 /* RegisterView.swift in Sources */,
				D513B4E02B0241DA004B2C8B /* FirebaseConnection.swift in Sources */,
				D513B4E22B02472F004B2C8B /* UserData.swift in Sources */,
				D502AF602AFA64C900BFF9CF /* AddEntryView.swift in Sources */,
				D547CF042AFBD9750094474D /* SplashScreenView.swift in Sources */,
				D53CC81A2AE2789F0083EAB3 /* WorkoutDiaryApp.swift in Sources */,
			);
			runOnlyForDeploymentPostprocessing = 0;
		};
		D53CC8222AE278A20083EAB3 /* Sources */ = {
			isa = PBXSourcesBuildPhase;
			buildActionMask = 2147483647;
			files = (
				D5E836912AFB954B0030F525 /* AddEntryView.swift in Sources */,
				D53CC82B2AE278A20083EAB3 /* WorkoutDiaryTests.swift in Sources */,
				D5E836952AFB955C0030F525 /* ListView.swift in Sources */,
				D5E836932AFB95580030F525 /* LogInView.swift in Sources */,
				D5E8368F2AFB94DC0030F525 /* RegisterView.swift in Sources */,
			);
			runOnlyForDeploymentPostprocessing = 0;
		};
		D53CC82C2AE278A20083EAB3 /* Sources */ = {
			isa = PBXSourcesBuildPhase;
			buildActionMask = 2147483647;
			files = (
				D5E836942AFB95590030F525 /* LogInView.swift in Sources */,
				D5E836902AFB94DE0030F525 /* RegisterView.swift in Sources */,
				D5E836962AFB955D0030F525 /* ListView.swift in Sources */,
				D53CC8372AE278A30083EAB3 /* WorkoutDiaryUITestsLaunchTests.swift in Sources */,
				D53CC8352AE278A30083EAB3 /* WorkoutDiaryUITests.swift in Sources */,
				D5E836922AFB954C0030F525 /* AddEntryView.swift in Sources */,
			);
			runOnlyForDeploymentPostprocessing = 0;
		};
/* End PBXSourcesBuildPhase section */

/* Begin PBXTargetDependency section */
		D53CC8282AE278A20083EAB3 /* PBXTargetDependency */ = {
			isa = PBXTargetDependency;
			target = D53CC8152AE2789E0083EAB3 /* WorkoutDiary */;
			targetProxy = D53CC8272AE278A20083EAB3 /* PBXContainerItemProxy */;
		};
		D53CC8322AE278A20083EAB3 /* PBXTargetDependency */ = {
			isa = PBXTargetDependency;
			target = D53CC8152AE2789E0083EAB3 /* WorkoutDiary */;
			targetProxy = D53CC8312AE278A20083EAB3 /* PBXContainerItemProxy */;
		};
/* End PBXTargetDependency section */

/* Begin XCBuildConfiguration section */
		D53CC8382AE278A30083EAB3 /* Debug */ = {
			isa = XCBuildConfiguration;
			buildSettings = {
				ALWAYS_SEARCH_USER_PATHS = NO;
				CLANG_ANALYZER_NONNULL = YES;
				CLANG_ANALYZER_NUMBER_OBJECT_CONVERSION = YES_AGGRESSIVE;
				CLANG_CXX_LANGUAGE_STANDARD = "gnu++20";
				CLANG_ENABLE_MODULES = YES;
				CLANG_ENABLE_OBJC_ARC = YES;
				CLANG_ENABLE_OBJC_WEAK = YES;
				CLANG_WARN_BLOCK_CAPTURE_AUTORELEASING = YES;
				CLANG_WARN_BOOL_CONVERSION = YES;
				CLANG_WARN_COMMA = YES;
				CLANG_WARN_CONSTANT_CONVERSION = YES;
				CLANG_WARN_DEPRECATED_OBJC_IMPLEMENTATIONS = YES;
				CLANG_WARN_DIRECT_OBJC_ISA_USAGE = YES_ERROR;
				CLANG_WARN_DOCUMENTATION_COMMENTS = YES;
				CLANG_WARN_EMPTY_BODY = YES;
				CLANG_WARN_ENUM_CONVERSION = YES;
				CLANG_WARN_INFINITE_RECURSION = YES;
				CLANG_WARN_INT_CONVERSION = YES;
				CLANG_WARN_NON_LITERAL_NULL_CONVERSION = YES;
				CLANG_WARN_OBJC_IMPLICIT_RETAIN_SELF = YES;
				CLANG_WARN_OBJC_LITERAL_CONVERSION = YES;
				CLANG_WARN_OBJC_ROOT_CLASS = YES_ERROR;
				CLANG_WARN_QUOTED_INCLUDE_IN_FRAMEWORK_HEADER = YES;
				CLANG_WARN_RANGE_LOOP_ANALYSIS = YES;
				CLANG_WARN_STRICT_PROTOTYPES = YES;
				CLANG_WARN_SUSPICIOUS_MOVE = YES;
				CLANG_WARN_UNGUARDED_AVAILABILITY = YES_AGGRESSIVE;
				CLANG_WARN_UNREACHABLE_CODE = YES;
				CLANG_WARN__DUPLICATE_METHOD_MATCH = YES;
				COPY_PHASE_STRIP = NO;
				DEBUG_INFORMATION_FORMAT = dwarf;
				ENABLE_STRICT_OBJC_MSGSEND = YES;
				ENABLE_TESTABILITY = YES;
				GCC_C_LANGUAGE_STANDARD = gnu11;
				GCC_DYNAMIC_NO_PIC = NO;
				GCC_NO_COMMON_BLOCKS = YES;
				GCC_OPTIMIZATION_LEVEL = 0;
				GCC_PREPROCESSOR_DEFINITIONS = (
					"DEBUG=1",
					"$(inherited)",
				);
				GCC_WARN_64_TO_32_BIT_CONVERSION = YES;
				GCC_WARN_ABOUT_RETURN_TYPE = YES_ERROR;
				GCC_WARN_UNDECLARED_SELECTOR = YES;
				GCC_WARN_UNINITIALIZED_AUTOS = YES_AGGRESSIVE;
				GCC_WARN_UNUSED_FUNCTION = YES;
				GCC_WARN_UNUSED_VARIABLE = YES;
				IPHONEOS_DEPLOYMENT_TARGET = 16.4;
				MTL_ENABLE_DEBUG_INFO = INCLUDE_SOURCE;
				MTL_FAST_MATH = YES;
				ONLY_ACTIVE_ARCH = YES;
				SDKROOT = iphoneos;
				SWIFT_ACTIVE_COMPILATION_CONDITIONS = DEBUG;
				SWIFT_OPTIMIZATION_LEVEL = "-Onone";
			};
			name = Debug;
		};
		D53CC8392AE278A30083EAB3 /* Release */ = {
			isa = XCBuildConfiguration;
			buildSettings = {
				ALWAYS_SEARCH_USER_PATHS = NO;
				CLANG_ANALYZER_NONNULL = YES;
				CLANG_ANALYZER_NUMBER_OBJECT_CONVERSION = YES_AGGRESSIVE;
				CLANG_CXX_LANGUAGE_STANDARD = "gnu++20";
				CLANG_ENABLE_MODULES = YES;
				CLANG_ENABLE_OBJC_ARC = YES;
				CLANG_ENABLE_OBJC_WEAK = YES;
				CLANG_WARN_BLOCK_CAPTURE_AUTORELEASING = YES;
				CLANG_WARN_BOOL_CONVERSION = YES;
				CLANG_WARN_COMMA = YES;
				CLANG_WARN_CONSTANT_CONVERSION = YES;
				CLANG_WARN_DEPRECATED_OBJC_IMPLEMENTATIONS = YES;
				CLANG_WARN_DIRECT_OBJC_ISA_USAGE = YES_ERROR;
				CLANG_WARN_DOCUMENTATION_COMMENTS = YES;
				CLANG_WARN_EMPTY_BODY = YES;
				CLANG_WARN_ENUM_CONVERSION = YES;
				CLANG_WARN_INFINITE_RECURSION = YES;
				CLANG_WARN_INT_CONVERSION = YES;
				CLANG_WARN_NON_LITERAL_NULL_CONVERSION = YES;
				CLANG_WARN_OBJC_IMPLICIT_RETAIN_SELF = YES;
				CLANG_WARN_OBJC_LITERAL_CONVERSION = YES;
				CLANG_WARN_OBJC_ROOT_CLASS = YES_ERROR;
				CLANG_WARN_QUOTED_INCLUDE_IN_FRAMEWORK_HEADER = YES;
				CLANG_WARN_RANGE_LOOP_ANALYSIS = YES;
				CLANG_WARN_STRICT_PROTOTYPES = YES;
				CLANG_WARN_SUSPICIOUS_MOVE = YES;
				CLANG_WARN_UNGUARDED_AVAILABILITY = YES_AGGRESSIVE;
				CLANG_WARN_UNREACHABLE_CODE = YES;
				CLANG_WARN__DUPLICATE_METHOD_MATCH = YES;
				COPY_PHASE_STRIP = NO;
				DEBUG_INFORMATION_FORMAT = "dwarf-with-dsym";
				ENABLE_NS_ASSERTIONS = NO;
				ENABLE_STRICT_OBJC_MSGSEND = YES;
				GCC_C_LANGUAGE_STANDARD = gnu11;
				GCC_NO_COMMON_BLOCKS = YES;
				GCC_WARN_64_TO_32_BIT_CONVERSION = YES;
				GCC_WARN_ABOUT_RETURN_TYPE = YES_ERROR;
				GCC_WARN_UNDECLARED_SELECTOR = YES;
				GCC_WARN_UNINITIALIZED_AUTOS = YES_AGGRESSIVE;
				GCC_WARN_UNUSED_FUNCTION = YES;
				GCC_WARN_UNUSED_VARIABLE = YES;
				IPHONEOS_DEPLOYMENT_TARGET = 16.4;
				MTL_ENABLE_DEBUG_INFO = NO;
				MTL_FAST_MATH = YES;
				SDKROOT = iphoneos;
				SWIFT_COMPILATION_MODE = wholemodule;
				SWIFT_OPTIMIZATION_LEVEL = "-O";
				VALIDATE_PRODUCT = YES;
			};
			name = Release;
		};
		D53CC83B2AE278A30083EAB3 /* Debug */ = {
			isa = XCBuildConfiguration;
			buildSettings = {
				ASSETCATALOG_COMPILER_APPICON_NAME = AppIcon;
				ASSETCATALOG_COMPILER_GLOBAL_ACCENT_COLOR_NAME = AccentColor;
				CODE_SIGN_STYLE = Automatic;
				CURRENT_PROJECT_VERSION = 1;
				DEVELOPMENT_ASSET_PATHS = "\"WorkoutDiary/Preview Content\"";
				ENABLE_PREVIEWS = YES;
				GENERATE_INFOPLIST_FILE = YES;
				INFOPLIST_KEY_UIApplicationSceneManifest_Generation = YES;
				INFOPLIST_KEY_UIApplicationSupportsIndirectInputEvents = YES;
				INFOPLIST_KEY_UILaunchScreen_Generation = YES;
				INFOPLIST_KEY_UISupportedInterfaceOrientations_iPad = "UIInterfaceOrientationPortrait UIInterfaceOrientationPortraitUpsideDown UIInterfaceOrientationLandscapeLeft UIInterfaceOrientationLandscapeRight";
				INFOPLIST_KEY_UISupportedInterfaceOrientations_iPhone = "UIInterfaceOrientationPortrait UIInterfaceOrientationLandscapeLeft UIInterfaceOrientationLandscapeRight";
				LD_RUNPATH_SEARCH_PATHS = (
					"$(inherited)",
					"@executable_path/Frameworks",
				);
				MARKETING_VERSION = 1.0;
				PRODUCT_BUNDLE_IDENTIFIER = Kimberley.com.WorkoutDiary;
				PRODUCT_NAME = "$(TARGET_NAME)";
				SWIFT_EMIT_LOC_STRINGS = YES;
				SWIFT_VERSION = 5.0;
				TARGETED_DEVICE_FAMILY = "1,2";
			};
			name = Debug;
		};
		D53CC83C2AE278A30083EAB3 /* Release */ = {
			isa = XCBuildConfiguration;
			buildSettings = {
				ASSETCATALOG_COMPILER_APPICON_NAME = AppIcon;
				ASSETCATALOG_COMPILER_GLOBAL_ACCENT_COLOR_NAME = AccentColor;
				CODE_SIGN_STYLE = Automatic;
				CURRENT_PROJECT_VERSION = 1;
				DEVELOPMENT_ASSET_PATHS = "\"WorkoutDiary/Preview Content\"";
				ENABLE_PREVIEWS = YES;
				GENERATE_INFOPLIST_FILE = YES;
				INFOPLIST_KEY_UIApplicationSceneManifest_Generation = YES;
				INFOPLIST_KEY_UIApplicationSupportsIndirectInputEvents = YES;
				INFOPLIST_KEY_UILaunchScreen_Generation = YES;
				INFOPLIST_KEY_UISupportedInterfaceOrientations_iPad = "UIInterfaceOrientationPortrait UIInterfaceOrientationPortraitUpsideDown UIInterfaceOrientationLandscapeLeft UIInterfaceOrientationLandscapeRight";
				INFOPLIST_KEY_UISupportedInterfaceOrientations_iPhone = "UIInterfaceOrientationPortrait UIInterfaceOrientationLandscapeLeft UIInterfaceOrientationLandscapeRight";
				LD_RUNPATH_SEARCH_PATHS = (
					"$(inherited)",
					"@executable_path/Frameworks",
				);
				MARKETING_VERSION = 1.0;
				PRODUCT_BUNDLE_IDENTIFIER = Kimberley.com.WorkoutDiary;
				PRODUCT_NAME = "$(TARGET_NAME)";
				SWIFT_EMIT_LOC_STRINGS = YES;
				SWIFT_VERSION = 5.0;
				TARGETED_DEVICE_FAMILY = "1,2";
			};
			name = Release;
		};
		D53CC83E2AE278A30083EAB3 /* Debug */ = {
			isa = XCBuildConfiguration;
			buildSettings = {
				ALWAYS_EMBED_SWIFT_STANDARD_LIBRARIES = YES;
				BUNDLE_LOADER = "$(TEST_HOST)";
				CODE_SIGN_STYLE = Automatic;
				CURRENT_PROJECT_VERSION = 1;
				GENERATE_INFOPLIST_FILE = YES;
				IPHONEOS_DEPLOYMENT_TARGET = 16.4;
				MARKETING_VERSION = 1.0;
				PRODUCT_BUNDLE_IDENTIFIER = Kimberley.com.WorkoutDiaryTests;
				PRODUCT_NAME = "$(TARGET_NAME)";
				SWIFT_EMIT_LOC_STRINGS = NO;
				SWIFT_VERSION = 5.0;
				TARGETED_DEVICE_FAMILY = "1,2";
				TEST_HOST = "$(BUILT_PRODUCTS_DIR)/WorkoutDiary.app/$(BUNDLE_EXECUTABLE_FOLDER_PATH)/WorkoutDiary";
			};
			name = Debug;
		};
		D53CC83F2AE278A30083EAB3 /* Release */ = {
			isa = XCBuildConfiguration;
			buildSettings = {
				ALWAYS_EMBED_SWIFT_STANDARD_LIBRARIES = YES;
				BUNDLE_LOADER = "$(TEST_HOST)";
				CODE_SIGN_STYLE = Automatic;
				CURRENT_PROJECT_VERSION = 1;
				GENERATE_INFOPLIST_FILE = YES;
				IPHONEOS_DEPLOYMENT_TARGET = 16.4;
				MARKETING_VERSION = 1.0;
				PRODUCT_BUNDLE_IDENTIFIER = Kimberley.com.WorkoutDiaryTests;
				PRODUCT_NAME = "$(TARGET_NAME)";
				SWIFT_EMIT_LOC_STRINGS = NO;
				SWIFT_VERSION = 5.0;
				TARGETED_DEVICE_FAMILY = "1,2";
				TEST_HOST = "$(BUILT_PRODUCTS_DIR)/WorkoutDiary.app/$(BUNDLE_EXECUTABLE_FOLDER_PATH)/WorkoutDiary";
			};
			name = Release;
		};
		D53CC8412AE278A30083EAB3 /* Debug */ = {
			isa = XCBuildConfiguration;
			buildSettings = {
				ALWAYS_EMBED_SWIFT_STANDARD_LIBRARIES = YES;
				CODE_SIGN_STYLE = Automatic;
				CURRENT_PROJECT_VERSION = 1;
				GENERATE_INFOPLIST_FILE = YES;
				MARKETING_VERSION = 1.0;
				PRODUCT_BUNDLE_IDENTIFIER = Kimberley.com.WorkoutDiaryUITests;
				PRODUCT_NAME = "$(TARGET_NAME)";
				SWIFT_EMIT_LOC_STRINGS = NO;
				SWIFT_VERSION = 5.0;
				TARGETED_DEVICE_FAMILY = "1,2";
				TEST_TARGET_NAME = WorkoutDiary;
			};
			name = Debug;
		};
		D53CC8422AE278A30083EAB3 /* Release */ = {
			isa = XCBuildConfiguration;
			buildSettings = {
				ALWAYS_EMBED_SWIFT_STANDARD_LIBRARIES = YES;
				CODE_SIGN_STYLE = Automatic;
				CURRENT_PROJECT_VERSION = 1;
				GENERATE_INFOPLIST_FILE = YES;
				MARKETING_VERSION = 1.0;
				PRODUCT_BUNDLE_IDENTIFIER = Kimberley.com.WorkoutDiaryUITests;
				PRODUCT_NAME = "$(TARGET_NAME)";
				SWIFT_EMIT_LOC_STRINGS = NO;
				SWIFT_VERSION = 5.0;
				TARGETED_DEVICE_FAMILY = "1,2";
				TEST_TARGET_NAME = WorkoutDiary;
			};
			name = Release;
		};
/* End XCBuildConfiguration section */

/* Begin XCConfigurationList section */
		D53CC8112AE2789E0083EAB3 /* Build configuration list for PBXProject "WorkoutDiary" */ = {
			isa = XCConfigurationList;
			buildConfigurations = (
				D53CC8382AE278A30083EAB3 /* Debug */,
				D53CC8392AE278A30083EAB3 /* Release */,
			);
			defaultConfigurationIsVisible = 0;
			defaultConfigurationName = Release;
		};
		D53CC83A2AE278A30083EAB3 /* Build configuration list for PBXNativeTarget "WorkoutDiary" */ = {
			isa = XCConfigurationList;
			buildConfigurations = (
				D53CC83B2AE278A30083EAB3 /* Debug */,
				D53CC83C2AE278A30083EAB3 /* Release */,
			);
			defaultConfigurationIsVisible = 0;
			defaultConfigurationName = Release;
		};
		D53CC83D2AE278A30083EAB3 /* Build configuration list for PBXNativeTarget "WorkoutDiaryTests" */ = {
			isa = XCConfigurationList;
			buildConfigurations = (
				D53CC83E2AE278A30083EAB3 /* Debug */,
				D53CC83F2AE278A30083EAB3 /* Release */,
			);
			defaultConfigurationIsVisible = 0;
			defaultConfigurationName = Release;
		};
		D53CC8402AE278A30083EAB3 /* Build configuration list for PBXNativeTarget "WorkoutDiaryUITests" */ = {
			isa = XCConfigurationList;
			buildConfigurations = (
				D53CC8412AE278A30083EAB3 /* Debug */,
				D53CC8422AE278A30083EAB3 /* Release */,
			);
			defaultConfigurationIsVisible = 0;
			defaultConfigurationName = Release;
		};
/* End XCConfigurationList section */

/* Begin XCRemoteSwiftPackageReference section */
		D502AF5C2AF8D56600BFF9CF /* XCRemoteSwiftPackageReference "keychain-swift" */ = {
			isa = XCRemoteSwiftPackageReference;
			repositoryURL = "https://github.com/evgenyneu/keychain-swift.git";
			requirement = {
				kind = upToNextMajorVersion;
				minimumVersion = 20.0.0;
			};
		};
		D56C67582AFFE0070022C610 /* XCRemoteSwiftPackageReference "firebase-ios-sdk" */ = {
			isa = XCRemoteSwiftPackageReference;
			repositoryURL = "https://github.com/firebase/firebase-ios-sdk.git";
			requirement = {
				kind = upToNextMajorVersion;
				minimumVersion = 10.0.0;
			};
		};
/* End XCRemoteSwiftPackageReference section */

/* Begin XCSwiftPackageProductDependency section */
		D502AF5D2AF8D56600BFF9CF /* KeychainSwift */ = {
			isa = XCSwiftPackageProductDependency;
			package = D502AF5C2AF8D56600BFF9CF /* XCRemoteSwiftPackageReference "keychain-swift" */;
			productName = KeychainSwift;
		};
		D513B4E62B025554004B2C8B /* FirebaseFirestoreSwift */ = {
			isa = XCSwiftPackageProductDependency;
			package = D56C67582AFFE0070022C610 /* XCRemoteSwiftPackageReference "firebase-ios-sdk" */;
			productName = FirebaseFirestoreSwift;
		};
		D513B4E82B02556A004B2C8B /* FirebaseFirestoreCombine-Community */ = {
			isa = XCSwiftPackageProductDependency;
			package = D56C67582AFFE0070022C610 /* XCRemoteSwiftPackageReference "firebase-ios-sdk" */;
			productName = "FirebaseFirestoreCombine-Community";
		};
		D56C67592AFFE0070022C610 /* FirebaseAuth */ = {
			isa = XCSwiftPackageProductDependency;
			package = D56C67582AFFE0070022C610 /* XCRemoteSwiftPackageReference "firebase-ios-sdk" */;
			productName = FirebaseAuth;
		};
		D56C675B2AFFE0070022C610 /* FirebaseFirestore */ = {
			isa = XCSwiftPackageProductDependency;
			package = D56C67582AFFE0070022C610 /* XCRemoteSwiftPackageReference "firebase-ios-sdk" */;
			productName = FirebaseFirestore;
		};
/* End XCSwiftPackageProductDependency section */
	};
	rootObject = D53CC80E2AE2789E0083EAB3 /* Project object */;
}
